
Microsoft Visual Studio Solution File, Format Version 12.00
# Visual Studio Version 16
VisualStudioVersion = 16.0.29123.88
MinimumVisualStudioVersion = 10.0.40219.1
Project("{FAE04EC0-301F-11D3-BF4B-00C04F79EFBC}") = "TestProject", "TestProject\TestProject.csproj", "{DC3761EB-7E99-4787-9705-8221514F2A30}"
EndProject
Project("{FAE04EC0-301F-11D3-BF4B-00C04F79EFBC}") = "PageObjectLibrary", "PageObjectLibrary\PageObjectLibrary.csproj", "{24B6F2EA-CFB7-4B85-9BB7-144C41506165}"
EndProject
Global
	GlobalSection(SolutionConfigurationPlatforms) = preSolution
		Debug|Any CPU = Debug|Any CPU
		Release|Any CPU = Release|Any CPU
	EndGlobalSection
	GlobalSection(ProjectConfigurationPlatforms) = postSolution
		{DC3761EB-7E99-4787-9705-8221514F2A30}.Debug|Any CPU.ActiveCfg = Debug|Any CPU
		{DC3761EB-7E99-4787-9705-8221514F2A30}.Debug|Any CPU.Build.0 = Debug|Any CPU
		{DC3761EB-7E99-4787-9705-8221514F2A30}.Release|Any CPU.ActiveCfg = Release|Any CPU
		{DC3761EB-7E99-4787-9705-8221514F2A30}.Release|Any CPU.Build.0 = Release|Any CPU
		{24B6F2EA-CFB7-4B85-9BB7-144C41506165}.Debug|Any CPU.ActiveCfg = Debug|Any CPU
		{24B6F2EA-CFB7-4B85-9BB7-144C41506165}.Debug|Any CPU.Build.0 = Debug|Any CPU
		{24B6F2EA-CFB7-4B85-9BB7-144C41506165}.Release|Any CPU.ActiveCfg = Release|Any CPU
		{24B6F2EA-CFB7-4B85-9BB7-144C41506165}.Release|Any CPU.Build.0 = Release|Any CPU
	EndGlobalSection
	GlobalSection(SolutionProperties) = preSolution
		HideSolutionNode = FALSE
	EndGlobalSection
	GlobalSection(ExtensibilityGlobals) = postSolution
		SolutionGuid = {1BCFB53F-D43E-42CE-BF48-F1DF2BE69D8C}
	EndGlobalSection
EndGlobal
